// !$*UTF8*$!
{
	archiveVersion = 1;
	classes = {
	};
	objectVersion = 56;
	objects = {

/* Begin PBXBuildFile section */
		4015A0422C0A489200620DC3 /* SignUpView.swift in Sources */ = {isa = PBXBuildFile; fileRef = 4015A0412C0A489200620DC3 /* SignUpView.swift */; };
		4022CF1F2C1F2FC900172D81 /* AddTopicView.swift in Sources */ = {isa = PBXBuildFile; fileRef = 4022CF1E2C1F2FC900172D81 /* AddTopicView.swift */; };
		402BDC592C0A275B001587D7 /* LogInView.swift in Sources */ = {isa = PBXBuildFile; fileRef = 402BDC582C0A275B001587D7 /* LogInView.swift */; };
		402D618A2C28B4C400C1F577 /* NoTopicsView.swift in Sources */ = {isa = PBXBuildFile; fileRef = 402D61892C28B4C400C1F577 /* NoTopicsView.swift */; };
		402D618C2C28B4F200C1F577 /* ExistingTopicsView.swift in Sources */ = {isa = PBXBuildFile; fileRef = 402D618B2C28B4F200C1F577 /* ExistingTopicsView.swift */; };
		402D618E2C28B51B00C1F577 /* TopicDetailView.swift in Sources */ = {isa = PBXBuildFile; fileRef = 402D618D2C28B51B00C1F577 /* TopicDetailView.swift */; };
		402D61952C28B60400C1F577 /* LoggedInView.swift in Sources */ = {isa = PBXBuildFile; fileRef = 402D61942C28B60400C1F577 /* LoggedInView.swift */; };
		40429B322C1648D000BD3D69 /* NewQuizView.swift in Sources */ = {isa = PBXBuildFile; fileRef = 40429B312C1648D000BD3D69 /* NewQuizView.swift */; };
		404A98F12C1493D900A35E28 /* SubjectViewModel.swift in Sources */ = {isa = PBXBuildFile; fileRef = 404A98F02C1493D900A35E28 /* SubjectViewModel.swift */; };
		404A98F32C149B5200A35E28 /* AddSubjectView.swift in Sources */ = {isa = PBXBuildFile; fileRef = 404A98F22C149B5200A35E28 /* AddSubjectView.swift */; };
		405BB2E12C2C94D800C8D877 /* SavedQuizSettingsMenuView.swift in Sources */ = {isa = PBXBuildFile; fileRef = 405BB2E02C2C94D800C8D877 /* SavedQuizSettingsMenuView.swift */; };
		405C58492C203BCC004B27E0 /* TopicSettingsMenuView.swift in Sources */ = {isa = PBXBuildFile; fileRef = 405C58482C203BCC004B27E0 /* TopicSettingsMenuView.swift */; };
		405C584B2C204389004B27E0 /* SubjectSettingsMenuView.swift in Sources */ = {isa = PBXBuildFile; fileRef = 405C584A2C204389004B27E0 /* SubjectSettingsMenuView.swift */; };
		40782CB42C0CAFFB004E923C /* ProfileView.swift in Sources */ = {isa = PBXBuildFile; fileRef = 40782CB32C0CAFFB004E923C /* ProfileView.swift */; };
		408195352C260A8800512CC5 /* QuizDetailView.swift in Sources */ = {isa = PBXBuildFile; fileRef = 408195342C260A8800512CC5 /* QuizDetailView.swift */; };
		408478D02C0FC0BC00B67DF6 /* ColorHex.swift in Sources */ = {isa = PBXBuildFile; fileRef = 408478CF2C0FC0BC00B67DF6 /* ColorHex.swift */; };
		408478D32C0FC2FC00B67DF6 /* StringCapitalisation.swift in Sources */ = {isa = PBXBuildFile; fileRef = 408478D22C0FC2FC00B67DF6 /* StringCapitalisation.swift */; };
		4094029D2C14DB0200207CAE /* NoSubjectsView.swift in Sources */ = {isa = PBXBuildFile; fileRef = 4094029C2C14DB0200207CAE /* NoSubjectsView.swift */; };
		4094029F2C14DB3100207CAE /* SubjectDetailView.swift in Sources */ = {isa = PBXBuildFile; fileRef = 4094029E2C14DB3100207CAE /* SubjectDetailView.swift */; };
		409402A12C14DBA700207CAE /* SubjectsExistingView.swift in Sources */ = {isa = PBXBuildFile; fileRef = 409402A02C14DBA700207CAE /* SubjectsExistingView.swift */; };
		4094C76E2C0B7E520049F539 /* FirebaseAuth in Frameworks */ = {isa = PBXBuildFile; productRef = 4094C76D2C0B7E520049F539 /* FirebaseAuth */; };
		4094C7702C0B7E520049F539 /* FirebaseFirestore in Frameworks */ = {isa = PBXBuildFile; productRef = 4094C76F2C0B7E520049F539 /* FirebaseFirestore */; };
		4094C7722C0B7E520049F539 /* FirebaseFirestoreSwift in Frameworks */ = {isa = PBXBuildFile; productRef = 4094C7712C0B7E520049F539 /* FirebaseFirestoreSwift */; };
		4094C7742C0B7E520049F539 /* FirebaseStorage in Frameworks */ = {isa = PBXBuildFile; productRef = 4094C7732C0B7E520049F539 /* FirebaseStorage */; };
		409705942C1CD164009E3431 /* AccountSettingsMenuView.swift in Sources */ = {isa = PBXBuildFile; fileRef = 409705932C1CD164009E3431 /* AccountSettingsMenuView.swift */; };
		40A3BD4B2C0BA678003560A3 /* AuthViewModel.swift in Sources */ = {isa = PBXBuildFile; fileRef = 40A3BD4A2C0BA678003560A3 /* AuthViewModel.swift */; };
		40A46BAD2C13CDC5002D983A /* Subject.swift in Sources */ = {isa = PBXBuildFile; fileRef = 40A46BAC2C13CDC5002D983A /* Subject.swift */; };
		40A5D4082C0658E500852CA6 /* SpeedReviseApp.swift in Sources */ = {isa = PBXBuildFile; fileRef = 40A5D4072C0658E500852CA6 /* SpeedReviseApp.swift */; };
		40A5D40A2C0658E500852CA6 /* ContentView.swift in Sources */ = {isa = PBXBuildFile; fileRef = 40A5D4092C0658E500852CA6 /* ContentView.swift */; };
		40A5D40C2C0658E600852CA6 /* Assets.xcassets in Resources */ = {isa = PBXBuildFile; fileRef = 40A5D40B2C0658E600852CA6 /* Assets.xcassets */; };
		40A5D40F2C0658E600852CA6 /* Preview Assets.xcassets in Resources */ = {isa = PBXBuildFile; fileRef = 40A5D40E2C0658E600852CA6 /* Preview Assets.xcassets */; };
		40A5D4192C0658E600852CA6 /* SpeedReviseTests.swift in Sources */ = {isa = PBXBuildFile; fileRef = 40A5D4182C0658E600852CA6 /* SpeedReviseTests.swift */; };
		40A5D4232C0658E600852CA6 /* SpeedReviseUITests.swift in Sources */ = {isa = PBXBuildFile; fileRef = 40A5D4222C0658E600852CA6 /* SpeedReviseUITests.swift */; };
		40A5D4252C0658E600852CA6 /* SpeedReviseUITestsLaunchTests.swift in Sources */ = {isa = PBXBuildFile; fileRef = 40A5D4242C0658E600852CA6 /* SpeedReviseUITestsLaunchTests.swift */; };
		40A5D4322C07AEA000852CA6 /* NavBarView.swift in Sources */ = {isa = PBXBuildFile; fileRef = 40A5D4312C07AEA000852CA6 /* NavBarView.swift */; };
		40A5D4342C07C6C300852CA6 /* HomeView.swift in Sources */ = {isa = PBXBuildFile; fileRef = 40A5D4332C07C6C300852CA6 /* HomeView.swift */; };
		40B5104F2C18B4650019A55D /* QuizSettingsMenuView.swift in Sources */ = {isa = PBXBuildFile; fileRef = 40B5104E2C18B4650019A55D /* QuizSettingsMenuView.swift */; };
		40C319F52C0914CE00215518 /* FirstView.swift in Sources */ = {isa = PBXBuildFile; fileRef = 40C319F42C0914CE00215518 /* FirstView.swift */; };
		40CE7C552C0BC106005489AD /* User.swift in Sources */ = {isa = PBXBuildFile; fileRef = 40CE7C542C0BC106005489AD /* User.swift */; };
		40D10EB62C3330E40061B207 /* .gitignore in Resources */ = {isa = PBXBuildFile; fileRef = 40D10EB52C3330E40061B207 /* .gitignore */; };
		40D6955A2C32FB5400DDEEFA /* GoogleService-Info.plist in Resources */ = {isa = PBXBuildFile; fileRef = 40D695592C32FB5400DDEEFA /* GoogleService-Info.plist */; };
		40D7FA6F2C11FD6700326284 /* SubjectsView.swift in Sources */ = {isa = PBXBuildFile; fileRef = 40D7FA6E2C11FD6700326284 /* SubjectsView.swift */; };
		40D923782C1B6467000D2659 /* QuizView.swift in Sources */ = {isa = PBXBuildFile; fileRef = 40D923772C1B6467000D2659 /* QuizView.swift */; };
		40EC2F502C0A86AB00AFA2AF /* TextInputView.swift in Sources */ = {isa = PBXBuildFile; fileRef = 40EC2F4F2C0A86AA00AFA2AF /* TextInputView.swift */; };
		40FF4B632C172F0300E6E8B5 /* OpenAIViewModel.swift in Sources */ = {isa = PBXBuildFile; fileRef = 40FF4B622C172F0300E6E8B5 /* OpenAIViewModel.swift */; };
		40FF4B702C1760E900E6E8B5 /* OpenAIModel.swift in Sources */ = {isa = PBXBuildFile; fileRef = 40FF4B6F2C1760E900E6E8B5 /* OpenAIModel.swift */; };
/* End PBXBuildFile section */

/* Begin PBXContainerItemProxy section */
		40A5D4152C0658E600852CA6 /* PBXContainerItemProxy */ = {
			isa = PBXContainerItemProxy;
			containerPortal = 40A5D3FC2C0658E500852CA6 /* Project object */;
			proxyType = 1;
			remoteGlobalIDString = 40A5D4032C0658E500852CA6;
			remoteInfo = SpeedRevise;
		};
		40A5D41F2C0658E600852CA6 /* PBXContainerItemProxy */ = {
			isa = PBXContainerItemProxy;
			containerPortal = 40A5D3FC2C0658E500852CA6 /* Project object */;
			proxyType = 1;
			remoteGlobalIDString = 40A5D4032C0658E500852CA6;
			remoteInfo = SpeedRevise;
		};
/* End PBXContainerItemProxy section */

/* Begin PBXFileReference section */
		4015A0412C0A489200620DC3 /* SignUpView.swift */ = {isa = PBXFileReference; lastKnownFileType = sourcecode.swift; path = SignUpView.swift; sourceTree = "<group>"; };
		4022CF1E2C1F2FC900172D81 /* AddTopicView.swift */ = {isa = PBXFileReference; lastKnownFileType = sourcecode.swift; path = AddTopicView.swift; sourceTree = "<group>"; };
		402BDC582C0A275B001587D7 /* LogInView.swift */ = {isa = PBXFileReference; lastKnownFileType = sourcecode.swift; path = LogInView.swift; sourceTree = "<group>"; };
		402D61892C28B4C400C1F577 /* NoTopicsView.swift */ = {isa = PBXFileReference; lastKnownFileType = sourcecode.swift; path = NoTopicsView.swift; sourceTree = "<group>"; };
		402D618B2C28B4F200C1F577 /* ExistingTopicsView.swift */ = {isa = PBXFileReference; lastKnownFileType = sourcecode.swift; path = ExistingTopicsView.swift; sourceTree = "<group>"; };
		402D618D2C28B51B00C1F577 /* TopicDetailView.swift */ = {isa = PBXFileReference; lastKnownFileType = sourcecode.swift; path = TopicDetailView.swift; sourceTree = "<group>"; };
		402D61942C28B60400C1F577 /* LoggedInView.swift */ = {isa = PBXFileReference; lastKnownFileType = sourcecode.swift; path = LoggedInView.swift; sourceTree = "<group>"; };
		40429B312C1648D000BD3D69 /* NewQuizView.swift */ = {isa = PBXFileReference; lastKnownFileType = sourcecode.swift; path = NewQuizView.swift; sourceTree = "<group>"; };
		404A98F02C1493D900A35E28 /* SubjectViewModel.swift */ = {isa = PBXFileReference; lastKnownFileType = sourcecode.swift; path = SubjectViewModel.swift; sourceTree = "<group>"; };
		404A98F22C149B5200A35E28 /* AddSubjectView.swift */ = {isa = PBXFileReference; lastKnownFileType = sourcecode.swift; path = AddSubjectView.swift; sourceTree = "<group>"; };
		405BB2E02C2C94D800C8D877 /* SavedQuizSettingsMenuView.swift */ = {isa = PBXFileReference; lastKnownFileType = sourcecode.swift; path = SavedQuizSettingsMenuView.swift; sourceTree = "<group>"; };
		405C58482C203BCC004B27E0 /* TopicSettingsMenuView.swift */ = {isa = PBXFileReference; lastKnownFileType = sourcecode.swift; path = TopicSettingsMenuView.swift; sourceTree = "<group>"; };
		405C584A2C204389004B27E0 /* SubjectSettingsMenuView.swift */ = {isa = PBXFileReference; lastKnownFileType = sourcecode.swift; path = SubjectSettingsMenuView.swift; sourceTree = "<group>"; };
		40782CB32C0CAFFB004E923C /* ProfileView.swift */ = {isa = PBXFileReference; lastKnownFileType = sourcecode.swift; path = ProfileView.swift; sourceTree = "<group>"; };
		408195342C260A8800512CC5 /* QuizDetailView.swift */ = {isa = PBXFileReference; lastKnownFileType = sourcecode.swift; path = QuizDetailView.swift; sourceTree = "<group>"; };
		408478CF2C0FC0BC00B67DF6 /* ColorHex.swift */ = {isa = PBXFileReference; lastKnownFileType = sourcecode.swift; path = ColorHex.swift; sourceTree = "<group>"; };
		408478D22C0FC2FC00B67DF6 /* StringCapitalisation.swift */ = {isa = PBXFileReference; lastKnownFileType = sourcecode.swift; path = StringCapitalisation.swift; sourceTree = "<group>"; };
		4094029C2C14DB0200207CAE /* NoSubjectsView.swift */ = {isa = PBXFileReference; lastKnownFileType = sourcecode.swift; path = NoSubjectsView.swift; sourceTree = "<group>"; };
		4094029E2C14DB3100207CAE /* SubjectDetailView.swift */ = {isa = PBXFileReference; lastKnownFileType = sourcecode.swift; path = SubjectDetailView.swift; sourceTree = "<group>"; };
		409402A02C14DBA700207CAE /* SubjectsExistingView.swift */ = {isa = PBXFileReference; lastKnownFileType = sourcecode.swift; path = SubjectsExistingView.swift; sourceTree = "<group>"; };
		409705932C1CD164009E3431 /* AccountSettingsMenuView.swift */ = {isa = PBXFileReference; lastKnownFileType = sourcecode.swift; path = AccountSettingsMenuView.swift; sourceTree = "<group>"; };
		40A3BD4A2C0BA678003560A3 /* AuthViewModel.swift */ = {isa = PBXFileReference; lastKnownFileType = sourcecode.swift; path = AuthViewModel.swift; sourceTree = "<group>"; };
		40A46BAC2C13CDC5002D983A /* Subject.swift */ = {isa = PBXFileReference; lastKnownFileType = sourcecode.swift; path = Subject.swift; sourceTree = "<group>"; };
		40A5D4042C0658E500852CA6 /* SpeedRevise.app */ = {isa = PBXFileReference; explicitFileType = wrapper.application; includeInIndex = 0; path = SpeedRevise.app; sourceTree = BUILT_PRODUCTS_DIR; };
		40A5D4072C0658E500852CA6 /* SpeedReviseApp.swift */ = {isa = PBXFileReference; lastKnownFileType = sourcecode.swift; path = SpeedReviseApp.swift; sourceTree = "<group>"; };
		40A5D4092C0658E500852CA6 /* ContentView.swift */ = {isa = PBXFileReference; lastKnownFileType = sourcecode.swift; path = ContentView.swift; sourceTree = "<group>"; };
		40A5D40B2C0658E600852CA6 /* Assets.xcassets */ = {isa = PBXFileReference; lastKnownFileType = folder.assetcatalog; path = Assets.xcassets; sourceTree = "<group>"; };
		40A5D40E2C0658E600852CA6 /* Preview Assets.xcassets */ = {isa = PBXFileReference; lastKnownFileType = folder.assetcatalog; path = "Preview Assets.xcassets"; sourceTree = "<group>"; };
		40A5D4142C0658E600852CA6 /* SpeedReviseTests.xctest */ = {isa = PBXFileReference; explicitFileType = wrapper.cfbundle; includeInIndex = 0; path = SpeedReviseTests.xctest; sourceTree = BUILT_PRODUCTS_DIR; };
		40A5D4182C0658E600852CA6 /* SpeedReviseTests.swift */ = {isa = PBXFileReference; lastKnownFileType = sourcecode.swift; path = SpeedReviseTests.swift; sourceTree = "<group>"; };
		40A5D41E2C0658E600852CA6 /* SpeedReviseUITests.xctest */ = {isa = PBXFileReference; explicitFileType = wrapper.cfbundle; includeInIndex = 0; path = SpeedReviseUITests.xctest; sourceTree = BUILT_PRODUCTS_DIR; };
		40A5D4222C0658E600852CA6 /* SpeedReviseUITests.swift */ = {isa = PBXFileReference; lastKnownFileType = sourcecode.swift; path = SpeedReviseUITests.swift; sourceTree = "<group>"; };
		40A5D4242C0658E600852CA6 /* SpeedReviseUITestsLaunchTests.swift */ = {isa = PBXFileReference; lastKnownFileType = sourcecode.swift; path = SpeedReviseUITestsLaunchTests.swift; sourceTree = "<group>"; };
		40A5D4312C07AEA000852CA6 /* NavBarView.swift */ = {isa = PBXFileReference; lastKnownFileType = sourcecode.swift; path = NavBarView.swift; sourceTree = "<group>"; };
		40A5D4332C07C6C300852CA6 /* HomeView.swift */ = {isa = PBXFileReference; lastKnownFileType = sourcecode.swift; path = HomeView.swift; sourceTree = "<group>"; };
		40B5104E2C18B4650019A55D /* QuizSettingsMenuView.swift */ = {isa = PBXFileReference; lastKnownFileType = sourcecode.swift; path = QuizSettingsMenuView.swift; sourceTree = "<group>"; };
		40C319F42C0914CE00215518 /* FirstView.swift */ = {isa = PBXFileReference; lastKnownFileType = sourcecode.swift; path = FirstView.swift; sourceTree = "<group>"; };
		40CE7C542C0BC106005489AD /* User.swift */ = {isa = PBXFileReference; lastKnownFileType = sourcecode.swift; path = User.swift; sourceTree = "<group>"; };
		40D10EB52C3330E40061B207 /* .gitignore */ = {isa = PBXFileReference; fileEncoding = 4; lastKnownFileType = text; path = .gitignore; sourceTree = "<group>"; };
		40D695592C32FB5400DDEEFA /* GoogleService-Info.plist */ = {isa = PBXFileReference; fileEncoding = 4; lastKnownFileType = text.plist.xml; path = "GoogleService-Info.plist"; sourceTree = "<group>"; };
		40D7FA6E2C11FD6700326284 /* SubjectsView.swift */ = {isa = PBXFileReference; lastKnownFileType = sourcecode.swift; path = SubjectsView.swift; sourceTree = "<group>"; };
		40D923772C1B6467000D2659 /* QuizView.swift */ = {isa = PBXFileReference; lastKnownFileType = sourcecode.swift; path = QuizView.swift; sourceTree = "<group>"; };
		40EC2F4F2C0A86AA00AFA2AF /* TextInputView.swift */ = {isa = PBXFileReference; lastKnownFileType = sourcecode.swift; path = TextInputView.swift; sourceTree = "<group>"; };
		40FF4B622C172F0300E6E8B5 /* OpenAIViewModel.swift */ = {isa = PBXFileReference; lastKnownFileType = sourcecode.swift; path = OpenAIViewModel.swift; sourceTree = "<group>"; };
		40FF4B6F2C1760E900E6E8B5 /* OpenAIModel.swift */ = {isa = PBXFileReference; lastKnownFileType = sourcecode.swift; path = OpenAIModel.swift; sourceTree = "<group>"; };
/* End PBXFileReference section */

/* Begin PBXFrameworksBuildPhase section */
		40A5D4012C0658E500852CA6 /* Frameworks */ = {
			isa = PBXFrameworksBuildPhase;
			buildActionMask = 2147483647;
			files = (
				4094C76E2C0B7E520049F539 /* FirebaseAuth in Frameworks */,
				4094C7742C0B7E520049F539 /* FirebaseStorage in Frameworks */,
				4094C7702C0B7E520049F539 /* FirebaseFirestore in Frameworks */,
				4094C7722C0B7E520049F539 /* FirebaseFirestoreSwift in Frameworks */,
			);
			runOnlyForDeploymentPostprocessing = 0;
		};
		40A5D4112C0658E600852CA6 /* Frameworks */ = {
			isa = PBXFrameworksBuildPhase;
			buildActionMask = 2147483647;
			files = (
			);
			runOnlyForDeploymentPostprocessing = 0;
		};
		40A5D41B2C0658E600852CA6 /* Frameworks */ = {
			isa = PBXFrameworksBuildPhase;
			buildActionMask = 2147483647;
			files = (
			);
			runOnlyForDeploymentPostprocessing = 0;
		};
/* End PBXFrameworksBuildPhase section */

/* Begin PBXGroup section */
		402D61872C28B37200C1F577 /* Subjects */ = {
			isa = PBXGroup;
			children = (
				40D7FA6E2C11FD6700326284 /* SubjectsView.swift */,
				404A98F22C149B5200A35E28 /* AddSubjectView.swift */,
				4094029E2C14DB3100207CAE /* SubjectDetailView.swift */,
				409402A02C14DBA700207CAE /* SubjectsExistingView.swift */,
				4094029C2C14DB0200207CAE /* NoSubjectsView.swift */,
				405C584A2C204389004B27E0 /* SubjectSettingsMenuView.swift */,
				402D61882C28B46900C1F577 /* Topics */,
			);
			path = Subjects;
			sourceTree = "<group>";
		};
		402D61882C28B46900C1F577 /* Topics */ = {
			isa = PBXGroup;
			children = (
				405C58482C203BCC004B27E0 /* TopicSettingsMenuView.swift */,
				4022CF1E2C1F2FC900172D81 /* AddTopicView.swift */,
				402D61892C28B4C400C1F577 /* NoTopicsView.swift */,
				402D618B2C28B4F200C1F577 /* ExistingTopicsView.swift */,
				402D618D2C28B51B00C1F577 /* TopicDetailView.swift */,
				402D618F2C28B54800C1F577 /* Quizzes */,
			);
			path = Topics;
			sourceTree = "<group>";
		};
		402D618F2C28B54800C1F577 /* Quizzes */ = {
			isa = PBXGroup;
			children = (
				40D923772C1B6467000D2659 /* QuizView.swift */,
				40B5104E2C18B4650019A55D /* QuizSettingsMenuView.swift */,
				408195342C260A8800512CC5 /* QuizDetailView.swift */,
				40429B312C1648D000BD3D69 /* NewQuizView.swift */,
				405BB2E02C2C94D800C8D877 /* SavedQuizSettingsMenuView.swift */,
			);
			path = Quizzes;
			sourceTree = "<group>";
		};
		402D61902C28B57600C1F577 /* Profile */ = {
			isa = PBXGroup;
			children = (
				40782CB32C0CAFFB004E923C /* ProfileView.swift */,
				409705932C1CD164009E3431 /* AccountSettingsMenuView.swift */,
			);
			path = Profile;
			sourceTree = "<group>";
		};
		402D61912C28B58A00C1F577 /* Home */ = {
			isa = PBXGroup;
			children = (
				40A5D4332C07C6C300852CA6 /* HomeView.swift */,
			);
			path = Home;
			sourceTree = "<group>";
		};
		402D61922C28B5B400C1F577 /* Auth */ = {
			isa = PBXGroup;
			children = (
				4015A0412C0A489200620DC3 /* SignUpView.swift */,
				402BDC582C0A275B001587D7 /* LogInView.swift */,
				402D61942C28B60400C1F577 /* LoggedInView.swift */,
			);
			path = Auth;
			sourceTree = "<group>";
		};
		402D61932C28B5C600C1F577 /* Onboarding */ = {
			isa = PBXGroup;
			children = (
				40C319F42C0914CE00215518 /* FirstView.swift */,
			);
			path = Onboarding;
			sourceTree = "<group>";
		};
		408478D12C0FC2C000B67DF6 /* Extensions */ = {
			isa = PBXGroup;
			children = (
				408478CF2C0FC0BC00B67DF6 /* ColorHex.swift */,
				408478D22C0FC2FC00B67DF6 /* StringCapitalisation.swift */,
			);
			path = Extensions;
			sourceTree = "<group>";
		};
		40A3BD472C0BA41B003560A3 /* Views */ = {
			isa = PBXGroup;
			children = (
				402D61932C28B5C600C1F577 /* Onboarding */,
				402D61922C28B5B400C1F577 /* Auth */,
				402D61912C28B58A00C1F577 /* Home */,
				402D61902C28B57600C1F577 /* Profile */,
				402D61872C28B37200C1F577 /* Subjects */,
			);
			path = Views;
			sourceTree = "<group>";
		};
		40A3BD482C0BA425003560A3 /* ViewModels */ = {
			isa = PBXGroup;
			children = (
				40A3BD4A2C0BA678003560A3 /* AuthViewModel.swift */,
				404A98F02C1493D900A35E28 /* SubjectViewModel.swift */,
				40FF4B622C172F0300E6E8B5 /* OpenAIViewModel.swift */,
			);
			path = ViewModels;
			sourceTree = "<group>";
		};
		40A3BD492C0BA42C003560A3 /* Models */ = {
			isa = PBXGroup;
			children = (
				40CE7C542C0BC106005489AD /* User.swift */,
				40A46BAC2C13CDC5002D983A /* Subject.swift */,
				40FF4B6F2C1760E900E6E8B5 /* OpenAIModel.swift */,
			);
			path = Models;
			sourceTree = "<group>";
		};
		40A5D3FB2C0658E500852CA6 = {
			isa = PBXGroup;
			children = (
				40D10EB52C3330E40061B207 /* .gitignore */,
				40A5D4062C0658E500852CA6 /* SpeedRevise */,
				40A5D4172C0658E600852CA6 /* SpeedReviseTests */,
				40A5D4212C0658E600852CA6 /* SpeedReviseUITests */,
				40A5D4052C0658E500852CA6 /* Products */,
			);
			sourceTree = "<group>";
		};
		40A5D4052C0658E500852CA6 /* Products */ = {
			isa = PBXGroup;
			children = (
				40A5D4042C0658E500852CA6 /* SpeedRevise.app */,
				40A5D4142C0658E600852CA6 /* SpeedReviseTests.xctest */,
				40A5D41E2C0658E600852CA6 /* SpeedReviseUITests.xctest */,
			);
			name = Products;
			sourceTree = "<group>";
		};
		40A5D4062C0658E500852CA6 /* SpeedRevise */ = {
			isa = PBXGroup;
			children = (
				40D695592C32FB5400DDEEFA /* GoogleService-Info.plist */,
				40A5D4072C0658E500852CA6 /* SpeedReviseApp.swift */,
				40A5D4092C0658E500852CA6 /* ContentView.swift */,
				40A5D40B2C0658E600852CA6 /* Assets.xcassets */,
				40A5D40D2C0658E600852CA6 /* Preview Content */,
				408478D12C0FC2C000B67DF6 /* Extensions */,
				40EC2F4E2C0A869500AFA2AF /* Components */,
				40A3BD492C0BA42C003560A3 /* Models */,
				40A3BD482C0BA425003560A3 /* ViewModels */,
				40A3BD472C0BA41B003560A3 /* Views */,
			);
			path = SpeedRevise;
			sourceTree = "<group>";
		};
		40A5D40D2C0658E600852CA6 /* Preview Content */ = {
			isa = PBXGroup;
			children = (
				40A5D40E2C0658E600852CA6 /* Preview Assets.xcassets */,
			);
			path = "Preview Content";
			sourceTree = "<group>";
		};
		40A5D4172C0658E600852CA6 /* SpeedReviseTests */ = {
			isa = PBXGroup;
			children = (
				40A5D4182C0658E600852CA6 /* SpeedReviseTests.swift */,
			);
			path = SpeedReviseTests;
			sourceTree = "<group>";
		};
		40A5D4212C0658E600852CA6 /* SpeedReviseUITests */ = {
			isa = PBXGroup;
			children = (
				40A5D4222C0658E600852CA6 /* SpeedReviseUITests.swift */,
				40A5D4242C0658E600852CA6 /* SpeedReviseUITestsLaunchTests.swift */,
			);
			path = SpeedReviseUITests;
			sourceTree = "<group>";
		};
		40EC2F4E2C0A869500AFA2AF /* Components */ = {
			isa = PBXGroup;
			children = (
				40A5D4312C07AEA000852CA6 /* NavBarView.swift */,
				40EC2F4F2C0A86AA00AFA2AF /* TextInputView.swift */,
			);
			path = Components;
			sourceTree = "<group>";
		};
/* End PBXGroup section */

/* Begin PBXNativeTarget section */
		40A5D4032C0658E500852CA6 /* SpeedRevise */ = {
			isa = PBXNativeTarget;
			buildConfigurationList = 40A5D4282C0658E600852CA6 /* Build configuration list for PBXNativeTarget "SpeedRevise" */;
			buildPhases = (
				40A5D4002C0658E500852CA6 /* Sources */,
				40A5D4012C0658E500852CA6 /* Frameworks */,
				40A5D4022C0658E500852CA6 /* Resources */,
			);
			buildRules = (
			);
			dependencies = (
			);
			name = SpeedRevise;
			packageProductDependencies = (
				4094C76D2C0B7E520049F539 /* FirebaseAuth */,
				4094C76F2C0B7E520049F539 /* FirebaseFirestore */,
				4094C7712C0B7E520049F539 /* FirebaseFirestoreSwift */,
				4094C7732C0B7E520049F539 /* FirebaseStorage */,
			);
			productName = SpeedRevise;
			productReference = 40A5D4042C0658E500852CA6 /* SpeedRevise.app */;
			productType = "com.apple.product-type.application";
		};
		40A5D4132C0658E600852CA6 /* SpeedReviseTests */ = {
			isa = PBXNativeTarget;
			buildConfigurationList = 40A5D42B2C0658E600852CA6 /* Build configuration list for PBXNativeTarget "SpeedReviseTests" */;
			buildPhases = (
				40A5D4102C0658E600852CA6 /* Sources */,
				40A5D4112C0658E600852CA6 /* Frameworks */,
				40A5D4122C0658E600852CA6 /* Resources */,
			);
			buildRules = (
			);
			dependencies = (
				40A5D4162C0658E600852CA6 /* PBXTargetDependency */,
			);
			name = SpeedReviseTests;
			productName = SpeedReviseTests;
			productReference = 40A5D4142C0658E600852CA6 /* SpeedReviseTests.xctest */;
			productType = "com.apple.product-type.bundle.unit-test";
		};
		40A5D41D2C0658E600852CA6 /* SpeedReviseUITests */ = {
			isa = PBXNativeTarget;
			buildConfigurationList = 40A5D42E2C0658E600852CA6 /* Build configuration list for PBXNativeTarget "SpeedReviseUITests" */;
			buildPhases = (
				40A5D41A2C0658E600852CA6 /* Sources */,
				40A5D41B2C0658E600852CA6 /* Frameworks */,
				40A5D41C2C0658E600852CA6 /* Resources */,
			);
			buildRules = (
			);
			dependencies = (
				40A5D4202C0658E600852CA6 /* PBXTargetDependency */,
			);
			name = SpeedReviseUITests;
			productName = SpeedReviseUITests;
			productReference = 40A5D41E2C0658E600852CA6 /* SpeedReviseUITests.xctest */;
			productType = "com.apple.product-type.bundle.ui-testing";
		};
/* End PBXNativeTarget section */

/* Begin PBXProject section */
		40A5D3FC2C0658E500852CA6 /* Project object */ = {
			isa = PBXProject;
			attributes = {
				BuildIndependentTargetsInParallel = 1;
				LastSwiftUpdateCheck = 1540;
				LastUpgradeCheck = 1540;
				TargetAttributes = {
					40A5D4032C0658E500852CA6 = {
						CreatedOnToolsVersion = 15.4;
					};
					40A5D4132C0658E600852CA6 = {
						CreatedOnToolsVersion = 15.4;
						TestTargetID = 40A5D4032C0658E500852CA6;
					};
					40A5D41D2C0658E600852CA6 = {
						CreatedOnToolsVersion = 15.4;
						TestTargetID = 40A5D4032C0658E500852CA6;
					};
				};
			};
			buildConfigurationList = 40A5D3FF2C0658E500852CA6 /* Build configuration list for PBXProject "SpeedRevise" */;
			compatibilityVersion = "Xcode 14.0";
			developmentRegion = en;
			hasScannedForEncodings = 0;
			knownRegions = (
				en,
				Base,
			);
			mainGroup = 40A5D3FB2C0658E500852CA6;
			packageReferences = (
				4094C76C2C0B7E520049F539 /* XCRemoteSwiftPackageReference "firebase-ios-sdk" */,
			);
			productRefGroup = 40A5D4052C0658E500852CA6 /* Products */;
			projectDirPath = "";
			projectRoot = "";
			targets = (
				40A5D4032C0658E500852CA6 /* SpeedRevise */,
				40A5D4132C0658E600852CA6 /* SpeedReviseTests */,
				40A5D41D2C0658E600852CA6 /* SpeedReviseUITests */,
			);
		};
/* End PBXProject section */

/* Begin PBXResourcesBuildPhase section */
		40A5D4022C0658E500852CA6 /* Resources */ = {
			isa = PBXResourcesBuildPhase;
			buildActionMask = 2147483647;
			files = (
				40D10EB62C3330E40061B207 /* .gitignore in Resources */,
				40A5D40F2C0658E600852CA6 /* Preview Assets.xcassets in Resources */,
				40A5D40C2C0658E600852CA6 /* Assets.xcassets in Resources */,
				40D6955A2C32FB5400DDEEFA /* GoogleService-Info.plist in Resources */,
			);
			runOnlyForDeploymentPostprocessing = 0;
		};
		40A5D4122C0658E600852CA6 /* Resources */ = {
			isa = PBXResourcesBuildPhase;
			buildActionMask = 2147483647;
			files = (
			);
			runOnlyForDeploymentPostprocessing = 0;
		};
		40A5D41C2C0658E600852CA6 /* Resources */ = {
			isa = PBXResourcesBuildPhase;
			buildActionMask = 2147483647;
			files = (
			);
			runOnlyForDeploymentPostprocessing = 0;
		};
/* End PBXResourcesBuildPhase section */

/* Begin PBXSourcesBuildPhase section */
		40A5D4002C0658E500852CA6 /* Sources */ = {
			isa = PBXSourcesBuildPhase;
			buildActionMask = 2147483647;
			files = (
				408195352C260A8800512CC5 /* QuizDetailView.swift in Sources */,
				402BDC592C0A275B001587D7 /* LogInView.swift in Sources */,
				404A98F32C149B5200A35E28 /* AddSubjectView.swift in Sources */,
				40A46BAD2C13CDC5002D983A /* Subject.swift in Sources */,
				40A5D40A2C0658E500852CA6 /* ContentView.swift in Sources */,
				408478D32C0FC2FC00B67DF6 /* StringCapitalisation.swift in Sources */,
				40C319F52C0914CE00215518 /* FirstView.swift in Sources */,
				4094029D2C14DB0200207CAE /* NoSubjectsView.swift in Sources */,
				4094029F2C14DB3100207CAE /* SubjectDetailView.swift in Sources */,
				402D618E2C28B51B00C1F577 /* TopicDetailView.swift in Sources */,
				408478D02C0FC0BC00B67DF6 /* ColorHex.swift in Sources */,
				40B5104F2C18B4650019A55D /* QuizSettingsMenuView.swift in Sources */,
				40D923782C1B6467000D2659 /* QuizView.swift in Sources */,
				40429B322C1648D000BD3D69 /* NewQuizView.swift in Sources */,
				4015A0422C0A489200620DC3 /* SignUpView.swift in Sources */,
				40A5D4342C07C6C300852CA6 /* HomeView.swift in Sources */,
				40A5D4082C0658E500852CA6 /* SpeedReviseApp.swift in Sources */,
				409705942C1CD164009E3431 /* AccountSettingsMenuView.swift in Sources */,
				4022CF1F2C1F2FC900172D81 /* AddTopicView.swift in Sources */,
				405BB2E12C2C94D800C8D877 /* SavedQuizSettingsMenuView.swift in Sources */,
				40FF4B702C1760E900E6E8B5 /* OpenAIModel.swift in Sources */,
				40EC2F502C0A86AB00AFA2AF /* TextInputView.swift in Sources */,
				40D7FA6F2C11FD6700326284 /* SubjectsView.swift in Sources */,
				40A5D4322C07AEA000852CA6 /* NavBarView.swift in Sources */,
				402D618C2C28B4F200C1F577 /* ExistingTopicsView.swift in Sources */,
				405C584B2C204389004B27E0 /* SubjectSettingsMenuView.swift in Sources */,
				402D618A2C28B4C400C1F577 /* NoTopicsView.swift in Sources */,
				40CE7C552C0BC106005489AD /* User.swift in Sources */,
				404A98F12C1493D900A35E28 /* SubjectViewModel.swift in Sources */,
				40782CB42C0CAFFB004E923C /* ProfileView.swift in Sources */,
				402D61952C28B60400C1F577 /* LoggedInView.swift in Sources */,
				409402A12C14DBA700207CAE /* SubjectsExistingView.swift in Sources */,
				405C58492C203BCC004B27E0 /* TopicSettingsMenuView.swift in Sources */,
				40FF4B632C172F0300E6E8B5 /* OpenAIViewModel.swift in Sources */,
				40A3BD4B2C0BA678003560A3 /* AuthViewModel.swift in Sources */,
			);
			runOnlyForDeploymentPostprocessing = 0;
		};
		40A5D4102C0658E600852CA6 /* Sources */ = {
			isa = PBXSourcesBuildPhase;
			buildActionMask = 2147483647;
			files = (
				40A5D4192C0658E600852CA6 /* SpeedReviseTests.swift in Sources */,
			);
			runOnlyForDeploymentPostprocessing = 0;
		};
		40A5D41A2C0658E600852CA6 /* Sources */ = {
			isa = PBXSourcesBuildPhase;
			buildActionMask = 2147483647;
			files = (
				40A5D4252C0658E600852CA6 /* SpeedReviseUITestsLaunchTests.swift in Sources */,
				40A5D4232C0658E600852CA6 /* SpeedReviseUITests.swift in Sources */,
			);
			runOnlyForDeploymentPostprocessing = 0;
		};
/* End PBXSourcesBuildPhase section */

/* Begin PBXTargetDependency section */
		40A5D4162C0658E600852CA6 /* PBXTargetDependency */ = {
			isa = PBXTargetDependency;
			target = 40A5D4032C0658E500852CA6 /* SpeedRevise */;
			targetProxy = 40A5D4152C0658E600852CA6 /* PBXContainerItemProxy */;
		};
		40A5D4202C0658E600852CA6 /* PBXTargetDependency */ = {
			isa = PBXTargetDependency;
			target = 40A5D4032C0658E500852CA6 /* SpeedRevise */;
			targetProxy = 40A5D41F2C0658E600852CA6 /* PBXContainerItemProxy */;
		};
/* End PBXTargetDependency section */

/* Begin XCBuildConfiguration section */
		40A5D4262C0658E600852CA6 /* Debug */ = {
			isa = XCBuildConfiguration;
			buildSettings = {
				ALWAYS_SEARCH_USER_PATHS = NO;
				ASSETCATALOG_COMPILER_GENERATE_SWIFT_ASSET_SYMBOL_EXTENSIONS = YES;
				CLANG_ANALYZER_NONNULL = YES;
				CLANG_ANALYZER_NUMBER_OBJECT_CONVERSION = YES_AGGRESSIVE;
				CLANG_CXX_LANGUAGE_STANDARD = "gnu++20";
				CLANG_ENABLE_MODULES = YES;
				CLANG_ENABLE_OBJC_ARC = YES;
				CLANG_ENABLE_OBJC_WEAK = YES;
				CLANG_WARN_BLOCK_CAPTURE_AUTORELEASING = YES;
				CLANG_WARN_BOOL_CONVERSION = YES;
				CLANG_WARN_COMMA = YES;
				CLANG_WARN_CONSTANT_CONVERSION = YES;
				CLANG_WARN_DEPRECATED_OBJC_IMPLEMENTATIONS = YES;
				CLANG_WARN_DIRECT_OBJC_ISA_USAGE = YES_ERROR;
				CLANG_WARN_DOCUMENTATION_COMMENTS = YES;
				CLANG_WARN_EMPTY_BODY = YES;
				CLANG_WARN_ENUM_CONVERSION = YES;
				CLANG_WARN_INFINITE_RECURSION = YES;
				CLANG_WARN_INT_CONVERSION = YES;
				CLANG_WARN_NON_LITERAL_NULL_CONVERSION = YES;
				CLANG_WARN_OBJC_IMPLICIT_RETAIN_SELF = YES;
				CLANG_WARN_OBJC_LITERAL_CONVERSION = YES;
				CLANG_WARN_OBJC_ROOT_CLASS = YES_ERROR;
				CLANG_WARN_QUOTED_INCLUDE_IN_FRAMEWORK_HEADER = YES;
				CLANG_WARN_RANGE_LOOP_ANALYSIS = YES;
				CLANG_WARN_STRICT_PROTOTYPES = YES;
				CLANG_WARN_SUSPICIOUS_MOVE = YES;
				CLANG_WARN_UNGUARDED_AVAILABILITY = YES_AGGRESSIVE;
				CLANG_WARN_UNREACHABLE_CODE = YES;
				CLANG_WARN__DUPLICATE_METHOD_MATCH = YES;
				COPY_PHASE_STRIP = NO;
				DEBUG_INFORMATION_FORMAT = dwarf;
				ENABLE_STRICT_OBJC_MSGSEND = YES;
				ENABLE_TESTABILITY = YES;
				ENABLE_USER_SCRIPT_SANDBOXING = YES;
				GCC_C_LANGUAGE_STANDARD = gnu17;
				GCC_DYNAMIC_NO_PIC = NO;
				GCC_NO_COMMON_BLOCKS = YES;
				GCC_OPTIMIZATION_LEVEL = 0;
				GCC_PREPROCESSOR_DEFINITIONS = (
					"DEBUG=1",
					"$(inherited)",
				);
				GCC_WARN_64_TO_32_BIT_CONVERSION = YES;
				GCC_WARN_ABOUT_RETURN_TYPE = YES_ERROR;
				GCC_WARN_UNDECLARED_SELECTOR = YES;
				GCC_WARN_UNINITIALIZED_AUTOS = YES_AGGRESSIVE;
				GCC_WARN_UNUSED_FUNCTION = YES;
				GCC_WARN_UNUSED_VARIABLE = YES;
				IPHONEOS_DEPLOYMENT_TARGET = 17.5;
				LOCALIZATION_PREFERS_STRING_CATALOGS = YES;
				MTL_ENABLE_DEBUG_INFO = INCLUDE_SOURCE;
				MTL_FAST_MATH = YES;
				ONLY_ACTIVE_ARCH = YES;
				SDKROOT = iphoneos;
				SWIFT_ACTIVE_COMPILATION_CONDITIONS = "DEBUG $(inherited)";
				SWIFT_OPTIMIZATION_LEVEL = "-Onone";
			};
			name = Debug;
		};
		40A5D4272C0658E600852CA6 /* Release */ = {
			isa = XCBuildConfiguration;
			buildSettings = {
				ALWAYS_SEARCH_USER_PATHS = NO;
				ASSETCATALOG_COMPILER_GENERATE_SWIFT_ASSET_SYMBOL_EXTENSIONS = YES;
				CLANG_ANALYZER_NONNULL = YES;
				CLANG_ANALYZER_NUMBER_OBJECT_CONVERSION = YES_AGGRESSIVE;
				CLANG_CXX_LANGUAGE_STANDARD = "gnu++20";
				CLANG_ENABLE_MODULES = YES;
				CLANG_ENABLE_OBJC_ARC = YES;
				CLANG_ENABLE_OBJC_WEAK = YES;
				CLANG_WARN_BLOCK_CAPTURE_AUTORELEASING = YES;
				CLANG_WARN_BOOL_CONVERSION = YES;
				CLANG_WARN_COMMA = YES;
				CLANG_WARN_CONSTANT_CONVERSION = YES;
				CLANG_WARN_DEPRECATED_OBJC_IMPLEMENTATIONS = YES;
				CLANG_WARN_DIRECT_OBJC_ISA_USAGE = YES_ERROR;
				CLANG_WARN_DOCUMENTATION_COMMENTS = YES;
				CLANG_WARN_EMPTY_BODY = YES;
				CLANG_WARN_ENUM_CONVERSION = YES;
				CLANG_WARN_INFINITE_RECURSION = YES;
				CLANG_WARN_INT_CONVERSION = YES;
				CLANG_WARN_NON_LITERAL_NULL_CONVERSION = YES;
				CLANG_WARN_OBJC_IMPLICIT_RETAIN_SELF = YES;
				CLANG_WARN_OBJC_LITERAL_CONVERSION = YES;
				CLANG_WARN_OBJC_ROOT_CLASS = YES_ERROR;
				CLANG_WARN_QUOTED_INCLUDE_IN_FRAMEWORK_HEADER = YES;
				CLANG_WARN_RANGE_LOOP_ANALYSIS = YES;
				CLANG_WARN_STRICT_PROTOTYPES = YES;
				CLANG_WARN_SUSPICIOUS_MOVE = YES;
				CLANG_WARN_UNGUARDED_AVAILABILITY = YES_AGGRESSIVE;
				CLANG_WARN_UNREACHABLE_CODE = YES;
				CLANG_WARN__DUPLICATE_METHOD_MATCH = YES;
				COPY_PHASE_STRIP = NO;
				DEBUG_INFORMATION_FORMAT = "dwarf-with-dsym";
				ENABLE_NS_ASSERTIONS = NO;
				ENABLE_STRICT_OBJC_MSGSEND = YES;
				ENABLE_USER_SCRIPT_SANDBOXING = YES;
				GCC_C_LANGUAGE_STANDARD = gnu17;
				GCC_NO_COMMON_BLOCKS = YES;
				GCC_WARN_64_TO_32_BIT_CONVERSION = YES;
				GCC_WARN_ABOUT_RETURN_TYPE = YES_ERROR;
				GCC_WARN_UNDECLARED_SELECTOR = YES;
				GCC_WARN_UNINITIALIZED_AUTOS = YES_AGGRESSIVE;
				GCC_WARN_UNUSED_FUNCTION = YES;
				GCC_WARN_UNUSED_VARIABLE = YES;
				IPHONEOS_DEPLOYMENT_TARGET = 17.5;
				LOCALIZATION_PREFERS_STRING_CATALOGS = YES;
				MTL_ENABLE_DEBUG_INFO = NO;
				MTL_FAST_MATH = YES;
				SDKROOT = iphoneos;
				SWIFT_COMPILATION_MODE = wholemodule;
				VALIDATE_PRODUCT = YES;
			};
			name = Release;
		};
		40A5D4292C0658E600852CA6 /* Debug */ = {
			isa = XCBuildConfiguration;
			buildSettings = {
				ASSETCATALOG_COMPILER_APPICON_NAME = AppIcon;
				ASSETCATALOG_COMPILER_GLOBAL_ACCENT_COLOR_NAME = AccentColor;
				CODE_SIGN_IDENTITY = "Apple Development";
				CODE_SIGN_STYLE = Automatic;
				CURRENT_PROJECT_VERSION = 1;
				DEVELOPMENT_ASSET_PATHS = "\"SpeedRevise/Preview Content\"";
				DEVELOPMENT_TEAM = 6TL74W9746;
				ENABLE_PREVIEWS = YES;
				GENERATE_INFOPLIST_FILE = YES;
				INFOPLIST_KEY_CFBundleDisplayName = SpeedRevise;
				INFOPLIST_KEY_LSApplicationCategoryType = "public.app-category.education";
				INFOPLIST_KEY_UIApplicationSceneManifest_Generation = YES;
				INFOPLIST_KEY_UIApplicationSupportsIndirectInputEvents = YES;
				INFOPLIST_KEY_UILaunchScreen_Generation = YES;
				INFOPLIST_KEY_UISupportedInterfaceOrientations_iPad = "UIInterfaceOrientationPortrait UIInterfaceOrientationPortraitUpsideDown UIInterfaceOrientationLandscapeLeft UIInterfaceOrientationLandscapeRight";
				INFOPLIST_KEY_UISupportedInterfaceOrientations_iPhone = "UIInterfaceOrientationPortrait UIInterfaceOrientationLandscapeLeft UIInterfaceOrientationLandscapeRight";
				LD_RUNPATH_SEARCH_PATHS = (
					"$(inherited)",
					"@executable_path/Frameworks",
				);
				MARKETING_VERSION = 1.0;
				PRODUCT_BUNDLE_IDENTIFIER = AJ.SpeedRevise;
				PRODUCT_NAME = "$(TARGET_NAME)";
				PROVISIONING_PROFILE_SPECIFIER = "";
				SUPPORTED_PLATFORMS = "iphoneos iphonesimulator";
				SUPPORTS_MACCATALYST = NO;
				SUPPORTS_MAC_DESIGNED_FOR_IPHONE_IPAD = NO;
				SUPPORTS_XR_DESIGNED_FOR_IPHONE_IPAD = NO;
				SWIFT_EMIT_LOC_STRINGS = YES;
				SWIFT_VERSION = 5.0;
				TARGETED_DEVICE_FAMILY = 1;
			};
			name = Debug;
		};
		40A5D42A2C0658E600852CA6 /* Release */ = {
			isa = XCBuildConfiguration;
			buildSettings = {
				ASSETCATALOG_COMPILER_APPICON_NAME = AppIcon;
				ASSETCATALOG_COMPILER_GLOBAL_ACCENT_COLOR_NAME = AccentColor;
				CODE_SIGN_IDENTITY = "Apple Development";
				CODE_SIGN_STYLE = Automatic;
				CURRENT_PROJECT_VERSION = 1;
				DEVELOPMENT_ASSET_PATHS = "\"SpeedRevise/Preview Content\"";
				DEVELOPMENT_TEAM = 6TL74W9746;
				ENABLE_PREVIEWS = YES;
				GENERATE_INFOPLIST_FILE = YES;
				INFOPLIST_KEY_CFBundleDisplayName = SpeedRevise;
				INFOPLIST_KEY_LSApplicationCategoryType = "public.app-category.education";
				INFOPLIST_KEY_UIApplicationSceneManifest_Generation = YES;
				INFOPLIST_KEY_UIApplicationSupportsIndirectInputEvents = YES;
				INFOPLIST_KEY_UILaunchScreen_Generation = YES;
				INFOPLIST_KEY_UISupportedInterfaceOrientations_iPad = "UIInterfaceOrientationPortrait UIInterfaceOrientationPortraitUpsideDown UIInterfaceOrientationLandscapeLeft UIInterfaceOrientationLandscapeRight";
				INFOPLIST_KEY_UISupportedInterfaceOrientations_iPhone = "UIInterfaceOrientationPortrait UIInterfaceOrientationLandscapeLeft UIInterfaceOrientationLandscapeRight";
				LD_RUNPATH_SEARCH_PATHS = (
					"$(inherited)",
					"@executable_path/Frameworks",
				);
				MARKETING_VERSION = 1.0;
				PRODUCT_BUNDLE_IDENTIFIER = AJ.SpeedRevise;
				PRODUCT_NAME = "$(TARGET_NAME)";
				PROVISIONING_PROFILE_SPECIFIER = "";
				SUPPORTED_PLATFORMS = "iphoneos iphonesimulator";
				SUPPORTS_MACCATALYST = NO;
				SUPPORTS_MAC_DESIGNED_FOR_IPHONE_IPAD = NO;
				SUPPORTS_XR_DESIGNED_FOR_IPHONE_IPAD = NO;
				SWIFT_EMIT_LOC_STRINGS = YES;
				SWIFT_VERSION = 5.0;
				TARGETED_DEVICE_FAMILY = 1;
			};
			name = Release;
		};
		40A5D42C2C0658E600852CA6 /* Debug */ = {
			isa = XCBuildConfiguration;
			buildSettings = {
				ALWAYS_EMBED_SWIFT_STANDARD_LIBRARIES = YES;
				BUNDLE_LOADER = "$(TEST_HOST)";
				CODE_SIGN_STYLE = Automatic;
				CURRENT_PROJECT_VERSION = 1;
				DEVELOPMENT_TEAM = 6TL74W9746;
				GENERATE_INFOPLIST_FILE = YES;
				IPHONEOS_DEPLOYMENT_TARGET = 17.5;
				MARKETING_VERSION = 1.0;
				PRODUCT_BUNDLE_IDENTIFIER = AJ.SpeedReviseTests;
				PRODUCT_NAME = "$(TARGET_NAME)";
				SWIFT_EMIT_LOC_STRINGS = NO;
				SWIFT_VERSION = 5.0;
				TARGETED_DEVICE_FAMILY = "1,2";
				TEST_HOST = "$(BUILT_PRODUCTS_DIR)/SpeedRevise.app/$(BUNDLE_EXECUTABLE_FOLDER_PATH)/SpeedRevise";
			};
			name = Debug;
		};
		40A5D42D2C0658E600852CA6 /* Release */ = {
			isa = XCBuildConfiguration;
			buildSettings = {
				ALWAYS_EMBED_SWIFT_STANDARD_LIBRARIES = YES;
				BUNDLE_LOADER = "$(TEST_HOST)";
				CODE_SIGN_STYLE = Automatic;
				CURRENT_PROJECT_VERSION = 1;
				DEVELOPMENT_TEAM = 6TL74W9746;
				GENERATE_INFOPLIST_FILE = YES;
				IPHONEOS_DEPLOYMENT_TARGET = 17.5;
				MARKETING_VERSION = 1.0;
				PRODUCT_BUNDLE_IDENTIFIER = AJ.SpeedReviseTests;
				PRODUCT_NAME = "$(TARGET_NAME)";
				SWIFT_EMIT_LOC_STRINGS = NO;
				SWIFT_VERSION = 5.0;
				TARGETED_DEVICE_FAMILY = "1,2";
				TEST_HOST = "$(BUILT_PRODUCTS_DIR)/SpeedRevise.app/$(BUNDLE_EXECUTABLE_FOLDER_PATH)/SpeedRevise";
			};
			name = Release;
		};
		40A5D42F2C0658E600852CA6 /* Debug */ = {
			isa = XCBuildConfiguration;
			buildSettings = {
				ALWAYS_EMBED_SWIFT_STANDARD_LIBRARIES = YES;
				CODE_SIGN_STYLE = Automatic;
				CURRENT_PROJECT_VERSION = 1;
				DEVELOPMENT_TEAM = 6TL74W9746;
				GENERATE_INFOPLIST_FILE = YES;
				MARKETING_VERSION = 1.0;
				PRODUCT_BUNDLE_IDENTIFIER = AJ.SpeedReviseUITests;
				PRODUCT_NAME = "$(TARGET_NAME)";
				SWIFT_EMIT_LOC_STRINGS = NO;
				SWIFT_VERSION = 5.0;
				TARGETED_DEVICE_FAMILY = "1,2";
				TEST_TARGET_NAME = SpeedRevise;
			};
			name = Debug;
		};
		40A5D4302C0658E600852CA6 /* Release */ = {
			isa = XCBuildConfiguration;
			buildSettings = {
				ALWAYS_EMBED_SWIFT_STANDARD_LIBRARIES = YES;
				CODE_SIGN_STYLE = Automatic;
				CURRENT_PROJECT_VERSION = 1;
				DEVELOPMENT_TEAM = 6TL74W9746;
				GENERATE_INFOPLIST_FILE = YES;
				MARKETING_VERSION = 1.0;
				PRODUCT_BUNDLE_IDENTIFIER = AJ.SpeedReviseUITests;
				PRODUCT_NAME = "$(TARGET_NAME)";
				SWIFT_EMIT_LOC_STRINGS = NO;
				SWIFT_VERSION = 5.0;
				TARGETED_DEVICE_FAMILY = "1,2";
				TEST_TARGET_NAME = SpeedRevise;
			};
			name = Release;
		};
/* End XCBuildConfiguration section */

/* Begin XCConfigurationList section */
		40A5D3FF2C0658E500852CA6 /* Build configuration list for PBXProject "SpeedRevise" */ = {
			isa = XCConfigurationList;
			buildConfigurations = (
				40A5D4262C0658E600852CA6 /* Debug */,
				40A5D4272C0658E600852CA6 /* Release */,
			);
			defaultConfigurationIsVisible = 0;
			defaultConfigurationName = Release;
		};
		40A5D4282C0658E600852CA6 /* Build configuration list for PBXNativeTarget "SpeedRevise" */ = {
			isa = XCConfigurationList;
			buildConfigurations = (
				40A5D4292C0658E600852CA6 /* Debug */,
				40A5D42A2C0658E600852CA6 /* Release */,
			);
			defaultConfigurationIsVisible = 0;
			defaultConfigurationName = Release;
		};
		40A5D42B2C0658E600852CA6 /* Build configuration list for PBXNativeTarget "SpeedReviseTests" */ = {
			isa = XCConfigurationList;
			buildConfigurations = (
				40A5D42C2C0658E600852CA6 /* Debug */,
				40A5D42D2C0658E600852CA6 /* Release */,
			);
			defaultConfigurationIsVisible = 0;
			defaultConfigurationName = Release;
		};
		40A5D42E2C0658E600852CA6 /* Build configuration list for PBXNativeTarget "SpeedReviseUITests" */ = {
			isa = XCConfigurationList;
			buildConfigurations = (
				40A5D42F2C0658E600852CA6 /* Debug */,
				40A5D4302C0658E600852CA6 /* Release */,
			);
			defaultConfigurationIsVisible = 0;
			defaultConfigurationName = Release;
		};
/* End XCConfigurationList section */

/* Begin XCRemoteSwiftPackageReference section */
		4094C76C2C0B7E520049F539 /* XCRemoteSwiftPackageReference "firebase-ios-sdk" */ = {
			isa = XCRemoteSwiftPackageReference;
			repositoryURL = "https://github.com/firebase/firebase-ios-sdk";
			requirement = {
				kind = upToNextMajorVersion;
				minimumVersion = 10.27.0;
			};
		};
/* End XCRemoteSwiftPackageReference section */

/* Begin XCSwiftPackageProductDependency section */
		4094C76D2C0B7E520049F539 /* FirebaseAuth */ = {
			isa = XCSwiftPackageProductDependency;
			package = 4094C76C2C0B7E520049F539 /* XCRemoteSwiftPackageReference "firebase-ios-sdk" */;
			productName = FirebaseAuth;
		};
		4094C76F2C0B7E520049F539 /* FirebaseFirestore */ = {
			isa = XCSwiftPackageProductDependency;
			package = 4094C76C2C0B7E520049F539 /* XCRemoteSwiftPackageReference "firebase-ios-sdk" */;
			productName = FirebaseFirestore;
		};
		4094C7712C0B7E520049F539 /* FirebaseFirestoreSwift */ = {
			isa = XCSwiftPackageProductDependency;
			package = 4094C76C2C0B7E520049F539 /* XCRemoteSwiftPackageReference "firebase-ios-sdk" */;
			productName = FirebaseFirestoreSwift;
		};
		4094C7732C0B7E520049F539 /* FirebaseStorage */ = {
			isa = XCSwiftPackageProductDependency;
			package = 4094C76C2C0B7E520049F539 /* XCRemoteSwiftPackageReference "firebase-ios-sdk" */;
			productName = FirebaseStorage;
		};
/* End XCSwiftPackageProductDependency section */
	};
	rootObject = 40A5D3FC2C0658E500852CA6 /* Project object */;
}
